
Microsoft Visual Studio Solution File, Format Version 12.00
# Visual Studio Version 17
VisualStudioVersion = 17.0.31903.59
MinimumVisualStudioVersion = 10.0.40219.1
Project("{54A90642-561A-4BB1-A94E-469ADEE60C69}") = "albumsgalore.client", "albumsgalore.client\albumsgalore.client.esproj", "{53B23958-D0F0-42AA-AC3F-E7EC8465A41E}"
EndProject
Project("{9A19103F-16F7-4668-BE54-9A1E7A4F7556}") = "AlbumsGalore.Server", "AlbumsGalore.Server\AlbumsGalore.Server.csproj", "{BEADB2E1-511A-4B2C-89FC-68D3E92F96D0}"
EndProject
Global
	GlobalSection(SolutionConfigurationPlatforms) = preSolution
		Debug|Any CPU = Debug|Any CPU
		Release|Any CPU = Release|Any CPU
	EndGlobalSection
	GlobalSection(ProjectConfigurationPlatforms) = postSolution
		{53B23958-D0F0-42AA-AC3F-E7EC8465A41E}.Debug|Any CPU.ActiveCfg = Debug|Any CPU
		{53B23958-D0F0-42AA-AC3F-E7EC8465A41E}.Debug|Any CPU.Build.0 = Debug|Any CPU
		{53B23958-D0F0-42AA-AC3F-E7EC8465A41E}.Debug|Any CPU.Deploy.0 = Debug|Any CPU
		{53B23958-D0F0-42AA-AC3F-E7EC8465A41E}.Release|Any CPU.ActiveCfg = Release|Any CPU
		{53B23958-D0F0-42AA-AC3F-E7EC8465A41E}.Release|Any CPU.Build.0 = Release|Any CPU
		{53B23958-D0F0-42AA-AC3F-E7EC8465A41E}.Release|Any CPU.Deploy.0 = Release|Any CPU
		{BEADB2E1-511A-4B2C-89FC-68D3E92F96D0}.Debug|Any CPU.ActiveCfg = Debug|Any CPU
		{BEADB2E1-511A-4B2C-89FC-68D3E92F96D0}.Debug|Any CPU.Build.0 = Debug|Any CPU
		{BEADB2E1-511A-4B2C-89FC-68D3E92F96D0}.Release|Any CPU.ActiveCfg = Release|Any CPU
		{BEADB2E1-511A-4B2C-89FC-68D3E92F96D0}.Release|Any CPU.Build.0 = Release|Any CPU
	EndGlobalSection
	GlobalSection(SolutionProperties) = preSolution
		HideSolutionNode = FALSE
	EndGlobalSection
	GlobalSection(ExtensibilityGlobals) = postSolution
		SolutionGuid = {39383739-C9F3-463F-9FED-B28A2F9AA9EE}
	EndGlobalSection
EndGlobal
